
Microsoft Visual Studio Solution File, Format Version 12.00
# Visual Studio Version 17
VisualStudioVersion = 17.3.32825.248
MinimumVisualStudioVersion = 10.0.40219.1
Project("{FAE04EC0-301F-11D3-BF4B-00C04F79EFBC}") = "W1-E1", "W1-E1.csproj", "{404A7BCC-F8B4-4802-AE59-C972B0FDEB6F}"
EndProject
Global
	GlobalSection(SolutionConfigurationPlatforms) = preSolution
		Debug|Any CPU = Debug|Any CPU
		Release|Any CPU = Release|Any CPU
	EndGlobalSection
	GlobalSection(ProjectConfigurationPlatforms) = postSolution
		{404A7BCC-F8B4-4802-AE59-C972B0FDEB6F}.Debug|Any CPU.ActiveCfg = Debug|Any CPU
		{404A7BCC-F8B4-4802-AE59-C972B0FDEB6F}.Debug|Any CPU.Build.0 = Debug|Any CPU
		{404A7BCC-F8B4-4802-AE59-C972B0FDEB6F}.Release|Any CPU.ActiveCfg = Release|Any CPU
		{404A7BCC-F8B4-4802-AE59-C972B0FDEB6F}.Release|Any CPU.Build.0 = Release|Any CPU
	EndGlobalSection
	GlobalSection(SolutionProperties) = preSolution
		HideSolutionNode = FALSE
	EndGlobalSection
	GlobalSection(ExtensibilityGlobals) = postSolution
		SolutionGuid = {210042E8-3F95-4B2F-9190-C902D2524819}
	EndGlobalSection
EndGlobal
